<?xml version="1.0" encoding="utf-8"?>
<Project ToolsVersion="4.0" xmlns="http://schemas.microsoft.com/developer/msbuild/2003">
  <ItemGroup>
    <ClCompile Include="MainWidget.cpp" />
    <ClCompile Include="main.cpp" />
    <ClCompile Include="GLDisplayWidget.cpp" />
    <ClCompile Include="ShapeGenerator.cpp" />
    <ClCompile Include="MeCamera.cpp" />
  </ItemGroup>
  <ItemGroup>
    <ClInclude Include="MainWidget.h" />
    <ClInclude Include="GLDisplayWidget.h" />
    <ClInclude Include="vertex.h" />
    <ClInclude Include="ShapeData.h" />
    <ClInclude Include="ShapeGenerator.h" />
    <ClInclude Include="MeCamera.h" />
  </ItemGroup>
  <ItemGroup>
    <None Include="shaders\passThroughFragmentShader.glsl">
      <Filter>Shaders</Filter>
    </None>
    <None Include="shaders\passThroughVertexShader.glsl">
      <Filter>Shaders</Filter>
    </None>
    <None Include="shaders\PostProcessingVertexShader.glsl">
      <Filter>Shaders</Filter>
    </None>
    <None Include="shaders\PostProcessingFragmentShader.glsl">
      <Filter>Shaders</Filter>
    </None>
    <None Include="shaders\DepthRenderVertexShader.glsl">
      <Filter>Shaders</Filter>
    </None>
    <None Include="shaders\DepthRenderFragmentShader.glsl">
      <Filter>Shaders</Filter>
    </None>
    <None Include="shaders\OutlineVertexShader.glsl">
      <Filter>Shaders</Filter>
    </None>
    <None Include="shaders\OutlineGeometryShader.glsl">
      <Filter>Shaders</Filter>
    </None>
    <None Include="shaders\OutlineFragmentShader.glsl">
      <Filter>Shaders</Filter>
    </None>
    <None Include="shaders\TessellationEvalutionShader.glsl">
      <Filter>Shaders</Filter>
    </None>
    <None Include="shaders\TessellationControlShader.glsl">
      <Filter>Shaders</Filter>
    </None>
  </ItemGroup>
  <ItemGroup>
    <Filter Include="Shaders">
      <UniqueIdentifier>{43e1bfe3-343a-44a3-abb2-146fdacfcc26}</UniqueIdentifier>
    </Filter>
  </ItemGroup>
  <ItemGroup>
    <Object Include="objs\teapot.obj" />
  </ItemGroup>
</Project>